// !$*UTF8*$!
{
	archiveVersion = 1;
	classes = {
	};
	objectVersion = 50;
	objects = {

/* Begin PBXBuildFile section */
		A65A0EA226D3EEBD00E8D3C9 /* AppDelegate.swift in Sources */ = {isa = PBXBuildFile; fileRef = A65A0EA126D3EEBD00E8D3C9 /* AppDelegate.swift */; };
		A65A0EA426D3EEBD00E8D3C9 /* SceneDelegate.swift in Sources */ = {isa = PBXBuildFile; fileRef = A65A0EA326D3EEBD00E8D3C9 /* SceneDelegate.swift */; };
		A65A0EA626D3EEBD00E8D3C9 /* DoodleViewController.swift in Sources */ = {isa = PBXBuildFile; fileRef = A65A0EA526D3EEBD00E8D3C9 /* DoodleViewController.swift */; };
		A65A0EA926D3EEBD00E8D3C9 /* Main.storyboard in Resources */ = {isa = PBXBuildFile; fileRef = A65A0EA726D3EEBD00E8D3C9 /* Main.storyboard */; };
		A65A0EAB26D3EEBE00E8D3C9 /* Assets.xcassets in Resources */ = {isa = PBXBuildFile; fileRef = A65A0EAA26D3EEBE00E8D3C9 /* Assets.xcassets */; };
		A65A0EAE26D3EEBE00E8D3C9 /* LaunchScreen.storyboard in Resources */ = {isa = PBXBuildFile; fileRef = A65A0EAC26D3EEBE00E8D3C9 /* LaunchScreen.storyboard */; };
		A65A0EBA26D3F10500E8D3C9 /* DoodleCollectionViewCell.swift in Sources */ = {isa = PBXBuildFile; fileRef = A65A0EB926D3F10500E8D3C9 /* DoodleCollectionViewCell.swift */; };
		A688F8A226D42C3100AA7390 /* SectionCollectionHeaderView.swift in Sources */ = {isa = PBXBuildFile; fileRef = A688F8A126D42C3100AA7390 /* SectionCollectionHeaderView.swift */; };
/* End PBXBuildFile section */

/* Begin PBXFileReference section */
		A65A0E9E26D3EEBD00E8D3C9 /* AdaptiveCollectionView.app */ = {isa = PBXFileReference; explicitFileType = wrapper.application; includeInIndex = 0; path = AdaptiveCollectionView.app; sourceTree = BUILT_PRODUCTS_DIR; };
		A65A0EA126D3EEBD00E8D3C9 /* AppDelegate.swift */ = {isa = PBXFileReference; lastKnownFileType = sourcecode.swift; path = AppDelegate.swift; sourceTree = "<group>"; };
		A65A0EA326D3EEBD00E8D3C9 /* SceneDelegate.swift */ = {isa = PBXFileReference; lastKnownFileType = sourcecode.swift; path = SceneDelegate.swift; sourceTree = "<group>"; };
		A65A0EA526D3EEBD00E8D3C9 /* DoodleViewController.swift */ = {isa = PBXFileReference; lastKnownFileType = sourcecode.swift; path = DoodleViewController.swift; sourceTree = "<group>"; };
		A65A0EA826D3EEBD00E8D3C9 /* Base */ = {isa = PBXFileReference; lastKnownFileType = file.storyboard; name = Base; path = Base.lproj/Main.storyboard; sourceTree = "<group>"; };
		A65A0EAA26D3EEBE00E8D3C9 /* Assets.xcassets */ = {isa = PBXFileReference; lastKnownFileType = folder.assetcatalog; path = Assets.xcassets; sourceTree = "<group>"; };
		A65A0EAD26D3EEBE00E8D3C9 /* Base */ = {isa = PBXFileReference; lastKnownFileType = file.storyboard; name = Base; path = Base.lproj/LaunchScreen.storyboard; sourceTree = "<group>"; };
		A65A0EAF26D3EEBE00E8D3C9 /* Info.plist */ = {isa = PBXFileReference; lastKnownFileType = text.plist.xml; path = Info.plist; sourceTree = "<group>"; };
		A65A0EB926D3F10500E8D3C9 /* DoodleCollectionViewCell.swift */ = {isa = PBXFileReference; lastKnownFileType = sourcecode.swift; path = DoodleCollectionViewCell.swift; sourceTree = "<group>"; };
		A688F8A126D42C3100AA7390 /* SectionCollectionHeaderView.swift */ = {isa = PBXFileReference; lastKnownFileType = sourcecode.swift; path = SectionCollectionHeaderView.swift; sourceTree = "<group>"; };
/* End PBXFileReference section */

/* Begin PBXFrameworksBuildPhase section */
		A65A0E9B26D3EEBD00E8D3C9 /* Frameworks */ = {
			isa = PBXFrameworksBuildPhase;
			buildActionMask = 2147483647;
			files = (
			);
			runOnlyForDeploymentPostprocessing = 0;
		};
/* End PBXFrameworksBuildPhase section */

/* Begin PBXGroup section */
		A65A0E9526D3EEBD00E8D3C9 = {
			isa = PBXGroup;
			children = (
				A65A0EA026D3EEBD00E8D3C9 /* AdaptiveCollectionView */,
				A65A0E9F26D3EEBD00E8D3C9 /* Products */,
			);
			sourceTree = "<group>";
		};
		A65A0E9F26D3EEBD00E8D3C9 /* Products */ = {
			isa = PBXGroup;
			children = (
				A65A0E9E26D3EEBD00E8D3C9 /* AdaptiveCollectionView.app */,
			);
			name = Products;
			sourceTree = "<group>";
		};
		A65A0EA026D3EEBD00E8D3C9 /* AdaptiveCollectionView */ = {
			isa = PBXGroup;
			children = (
				A65A0EBB26D3F10900E8D3C9 /* Header */,
				A65A0EB826D3F0CD00E8D3C9 /* Custom Cell */,
				A65A0EB726D3F0C700E8D3C9 /* Controllers */,
				A65A0EB626D3F0C100E8D3C9 /* Views */,
				A65A0EB526D3F0B700E8D3C9 /* Supporting Files */,
				A65A0EAF26D3EEBE00E8D3C9 /* Info.plist */,
			);
			path = AdaptiveCollectionView;
			sourceTree = "<group>";
		};
		A65A0EB526D3F0B700E8D3C9 /* Supporting Files */ = {
			isa = PBXGroup;
			children = (
				A65A0EA126D3EEBD00E8D3C9 /* AppDelegate.swift */,
				A65A0EA326D3EEBD00E8D3C9 /* SceneDelegate.swift */,
				A65A0EAA26D3EEBE00E8D3C9 /* Assets.xcassets */,
			);
			path = "Supporting Files";
			sourceTree = "<group>";
		};
		A65A0EB626D3F0C100E8D3C9 /* Views */ = {
			isa = PBXGroup;
			children = (
				A65A0EA726D3EEBD00E8D3C9 /* Main.storyboard */,
				A65A0EAC26D3EEBE00E8D3C9 /* LaunchScreen.storyboard */,
			);
			path = Views;
			sourceTree = "<group>";
		};
		A65A0EB726D3F0C700E8D3C9 /* Controllers */ = {
			isa = PBXGroup;
			children = (
				A65A0EA526D3EEBD00E8D3C9 /* DoodleViewController.swift */,
			);
			path = Controllers;
			sourceTree = "<group>";
		};
		A65A0EB826D3F0CD00E8D3C9 /* Custom Cell */ = {
			isa = PBXGroup;
			children = (
				A65A0EB926D3F10500E8D3C9 /* DoodleCollectionViewCell.swift */,
			);
			path = "Custom Cell";
			sourceTree = "<group>";
		};
		A65A0EBB26D3F10900E8D3C9 /* Header */ = {
			isa = PBXGroup;
			children = (
				A688F8A126D42C3100AA7390 /* SectionCollectionHeaderView.swift */,
			);
			path = Header;
			sourceTree = "<group>";
		};
/* End PBXGroup section */

/* Begin PBXNativeTarget section */
		A65A0E9D26D3EEBD00E8D3C9 /* AdaptiveCollectionView */ = {
			isa = PBXNativeTarget;
			buildConfigurationList = A65A0EB226D3EEBE00E8D3C9 /* Build configuration list for PBXNativeTarget "AdaptiveCollectionView" */;
			buildPhases = (
				A65A0E9A26D3EEBD00E8D3C9 /* Sources */,
				A65A0E9B26D3EEBD00E8D3C9 /* Frameworks */,
				A65A0E9C26D3EEBD00E8D3C9 /* Resources */,
			);
			buildRules = (
			);
			dependencies = (
			);
			name = AdaptiveCollectionView;
			productName = AdaptiveCollectionView;
			productReference = A65A0E9E26D3EEBD00E8D3C9 /* AdaptiveCollectionView.app */;
			productType = "com.apple.product-type.application";
		};
/* End PBXNativeTarget section */

/* Begin PBXProject section */
		A65A0E9626D3EEBD00E8D3C9 /* Project object */ = {
			isa = PBXProject;
			attributes = {
				LastSwiftUpdateCheck = 1250;
				LastUpgradeCheck = 1250;
				TargetAttributes = {
					A65A0E9D26D3EEBD00E8D3C9 = {
						CreatedOnToolsVersion = 12.5.1;
					};
				};
			};
			buildConfigurationList = A65A0E9926D3EEBD00E8D3C9 /* Build configuration list for PBXProject "AdaptiveCollectionView" */;
			compatibilityVersion = "Xcode 9.3";
			developmentRegion = en;
			hasScannedForEncodings = 0;
			knownRegions = (
				en,
				Base,
			);
			mainGroup = A65A0E9526D3EEBD00E8D3C9;
			productRefGroup = A65A0E9F26D3EEBD00E8D3C9 /* Products */;
			projectDirPath = "";
			projectRoot = "";
			targets = (
				A65A0E9D26D3EEBD00E8D3C9 /* AdaptiveCollectionView */,
			);
		};
/* End PBXProject section */

/* Begin PBXResourcesBuildPhase section */
		A65A0E9C26D3EEBD00E8D3C9 /* Resources */ = {
			isa = PBXResourcesBuildPhase;
			buildActionMask = 2147483647;
			files = (
				A65A0EAE26D3EEBE00E8D3C9 /* LaunchScreen.storyboard in Resources */,
				A65A0EAB26D3EEBE00E8D3C9 /* Assets.xcassets in Resources */,
				A65A0EA926D3EEBD00E8D3C9 /* Main.storyboard in Resources */,
			);
			runOnlyForDeploymentPostprocessing = 0;
		};
/* End PBXResourcesBuildPhase section */

/* Begin PBXSourcesBuildPhase section */
		A65A0E9A26D3EEBD00E8D3C9 /* Sources */ = {
			isa = PBXSourcesBuildPhase;
			buildActionMask = 2147483647;
			files = (
				A65A0EA626D3EEBD00E8D3C9 /* DoodleViewController.swift in Sources */,
				A65A0EA226D3EEBD00E8D3C9 /* AppDelegate.swift in Sources */,
				A688F8A226D42C3100AA7390 /* SectionCollectionHeaderView.swift in Sources */,
				A65A0EA426D3EEBD00E8D3C9 /* SceneDelegate.swift in Sources */,
				A65A0EBA26D3F10500E8D3C9 /* DoodleCollectionViewCell.swift in Sources */,
			);
			runOnlyForDeploymentPostprocessing = 0;
		};
/* End PBXSourcesBuildPhase section */

/* Begin PBXVariantGroup section */
		A65A0EA726D3EEBD00E8D3C9 /* Main.storyboard */ = {
			isa = PBXVariantGroup;
			children = (
				A65A0EA826D3EEBD00E8D3C9 /* Base */,
			);
			name = Main.storyboard;
			sourceTree = "<group>";
		};
		A65A0EAC26D3EEBE00E8D3C9 /* LaunchScreen.storyboard */ = {
			isa = PBXVariantGroup;
			children = (
				A65A0EAD26D3EEBE00E8D3C9 /* Base */,
			);
			name = LaunchScreen.storyboard;
			sourceTree = "<group>";
		};
/* End PBXVariantGroup section */

/* Begin XCBuildConfiguration section */
		A65A0EB026D3EEBE00E8D3C9 /* Debug */ = {
			isa = XCBuildConfiguration;
			buildSettings = {
				ALWAYS_SEARCH_USER_PATHS = NO;
				CLANG_ANALYZER_NONNULL = YES;
				CLANG_ANALYZER_NUMBER_OBJECT_CONVERSION = YES_AGGRESSIVE;
				CLANG_CXX_LANGUAGE_STANDARD = "gnu++14";
				CLANG_CXX_LIBRARY = "libc++";
				CLANG_ENABLE_MODULES = YES;
				CLANG_ENABLE_OBJC_ARC = YES;
				CLANG_ENABLE_OBJC_WEAK = YES;
				CLANG_WARN_BLOCK_CAPTURE_AUTORELEASING = YES;
				CLANG_WARN_BOOL_CONVERSION = YES;
				CLANG_WARN_COMMA = YES;
				CLANG_WARN_CONSTANT_CONVERSION = YES;
				CLANG_WARN_DEPRECATED_OBJC_IMPLEMENTATIONS = YES;
				CLANG_WARN_DIRECT_OBJC_ISA_USAGE = YES_ERROR;
				CLANG_WARN_DOCUMENTATION_COMMENTS = YES;
				CLANG_WARN_EMPTY_BODY = YES;
				CLANG_WARN_ENUM_CONVERSION = YES;
				CLANG_WARN_INFINITE_RECURSION = YES;
				CLANG_WARN_INT_CONVERSION = YES;
				CLANG_WARN_NON_LITERAL_NULL_CONVERSION = YES;
				CLANG_WARN_OBJC_IMPLICIT_RETAIN_SELF = YES;
				CLANG_WARN_OBJC_LITERAL_CONVERSION = YES;
				CLANG_WARN_OBJC_ROOT_CLASS = YES_ERROR;
				CLANG_WARN_QUOTED_INCLUDE_IN_FRAMEWORK_HEADER = YES;
				CLANG_WARN_RANGE_LOOP_ANALYSIS = YES;
				CLANG_WARN_STRICT_PROTOTYPES = YES;
				CLANG_WARN_SUSPICIOUS_MOVE = YES;
				CLANG_WARN_UNGUARDED_AVAILABILITY = YES_AGGRESSIVE;
				CLANG_WARN_UNREACHABLE_CODE = YES;
				CLANG_WARN__DUPLICATE_METHOD_MATCH = YES;
				COPY_PHASE_STRIP = NO;
				DEBUG_INFORMATION_FORMAT = dwarf;
				ENABLE_STRICT_OBJC_MSGSEND = YES;
				ENABLE_TESTABILITY = YES;
				GCC_C_LANGUAGE_STANDARD = gnu11;
				GCC_DYNAMIC_NO_PIC = NO;
				GCC_NO_COMMON_BLOCKS = YES;
				GCC_OPTIMIZATION_LEVEL = 0;
				GCC_PREPROCESSOR_DEFINITIONS = (
					"DEBUG=1",
					"$(inherited)",
				);
				GCC_WARN_64_TO_32_BIT_CONVERSION = YES;
				GCC_WARN_ABOUT_RETURN_TYPE = YES_ERROR;
				GCC_WARN_UNDECLARED_SELECTOR = YES;
				GCC_WARN_UNINITIALIZED_AUTOS = YES_AGGRESSIVE;
				GCC_WARN_UNUSED_FUNCTION = YES;
				GCC_WARN_UNUSED_VARIABLE = YES;
				IPHONEOS_DEPLOYMENT_TARGET = 14.5;
				MTL_ENABLE_DEBUG_INFO = INCLUDE_SOURCE;
				MTL_FAST_MATH = YES;
				ONLY_ACTIVE_ARCH = YES;
				SDKROOT = iphoneos;
				SWIFT_ACTIVE_COMPILATION_CONDITIONS = DEBUG;
				SWIFT_OPTIMIZATION_LEVEL = "-Onone";
			};
			name = Debug;
		};
		A65A0EB126D3EEBE00E8D3C9 /* Release */ = {
			isa = XCBuildConfiguration;
			buildSettings = {
				ALWAYS_SEARCH_USER_PATHS = NO;
				CLANG_ANALYZER_NONNULL = YES;
				CLANG_ANALYZER_NUMBER_OBJECT_CONVERSION = YES_AGGRESSIVE;
				CLANG_CXX_LANGUAGE_STANDARD = "gnu++14";
				CLANG_CXX_LIBRARY = "libc++";
				CLANG_ENABLE_MODULES = YES;
				CLANG_ENABLE_OBJC_ARC = YES;
				CLANG_ENABLE_OBJC_WEAK = YES;
				CLANG_WARN_BLOCK_CAPTURE_AUTORELEASING = YES;
				CLANG_WARN_BOOL_CONVERSION = YES;
				CLANG_WARN_COMMA = YES;
				CLANG_WARN_CONSTANT_CONVERSION = YES;
				CLANG_WARN_DEPRECATED_OBJC_IMPLEMENTATIONS = YES;
				CLANG_WARN_DIRECT_OBJC_ISA_USAGE = YES_ERROR;
				CLANG_WARN_DOCUMENTATION_COMMENTS = YES;
				CLANG_WARN_EMPTY_BODY = YES;
				CLANG_WARN_ENUM_CONVERSION = YES;
				CLANG_WARN_INFINITE_RECURSION = YES;
				CLANG_WARN_INT_CONVERSION = YES;
				CLANG_WARN_NON_LITERAL_NULL_CONVERSION = YES;
				CLANG_WARN_OBJC_IMPLICIT_RETAIN_SELF = YES;
				CLANG_WARN_OBJC_LITERAL_CONVERSION = YES;
				CLANG_WARN_OBJC_ROOT_CLASS = YES_ERROR;
				CLANG_WARN_QUOTED_INCLUDE_IN_FRAMEWORK_HEADER = YES;
				CLANG_WARN_RANGE_LOOP_ANALYSIS = YES;
				CLANG_WARN_STRICT_PROTOTYPES = YES;
				CLANG_WARN_SUSPICIOUS_MOVE = YES;
				CLANG_WARN_UNGUARDED_AVAILABILITY = YES_AGGRESSIVE;
				CLANG_WARN_UNREACHABLE_CODE = YES;
				CLANG_WARN__DUPLICATE_METHOD_MATCH = YES;
				COPY_PHASE_STRIP = NO;
				DEBUG_INFORMATION_FORMAT = "dwarf-with-dsym";
				ENABLE_NS_ASSERTIONS = NO;
				ENABLE_STRICT_OBJC_MSGSEND = YES;
				GCC_C_LANGUAGE_STANDARD = gnu11;
				GCC_NO_COMMON_BLOCKS = YES;
				GCC_WARN_64_TO_32_BIT_CONVERSION = YES;
				GCC_WARN_ABOUT_RETURN_TYPE = YES_ERROR;
				GCC_WARN_UNDECLARED_SELECTOR = YES;
				GCC_WARN_UNINITIALIZED_AUTOS = YES_AGGRESSIVE;
				GCC_WARN_UNUSED_FUNCTION = YES;
				GCC_WARN_UNUSED_VARIABLE = YES;
				IPHONEOS_DEPLOYMENT_TARGET = 14.5;
				MTL_ENABLE_DEBUG_INFO = NO;
				MTL_FAST_MATH = YES;
				SDKROOT = iphoneos;
				SWIFT_COMPILATION_MODE = wholemodule;
				SWIFT_OPTIMIZATION_LEVEL = "-O";
				VALIDATE_PRODUCT = YES;
			};
			name = Release;
		};
		A65A0EB326D3EEBE00E8D3C9 /* Debug */ = {
			isa = XCBuildConfiguration;
			buildSettings = {
				ASSETCATALOG_COMPILER_APPICON_NAME = AppIcon;
				ASSETCATALOG_COMPILER_GLOBAL_ACCENT_COLOR_NAME = AccentColor;
				CODE_SIGN_STYLE = Automatic;
				DEVELOPMENT_TEAM = ZJD5A2P8BC;
				INFOPLIST_FILE = AdaptiveCollectionView/Info.plist;
				LD_RUNPATH_SEARCH_PATHS = (
					"$(inherited)",
					"@executable_path/Frameworks",
				);
				PRODUCT_BUNDLE_IDENTIFIER = com.adnannmuratovic.AdaptiveCollectionView;
				PRODUCT_NAME = "$(TARGET_NAME)";
				SWIFT_VERSION = 5.0;
				TARGETED_DEVICE_FAMILY = "1,2";
			};
			name = Debug;
		};
		A65A0EB426D3EEBE00E8D3C9 /* Release */ = {
			isa = XCBuildConfiguration;
			buildSettings = {
				ASSETCATALOG_COMPILER_APPICON_NAME = AppIcon;
				ASSETCATALOG_COMPILER_GLOBAL_ACCENT_COLOR_NAME = AccentColor;
				CODE_SIGN_STYLE = Automatic;
				DEVELOPMENT_TEAM = ZJD5A2P8BC;
				INFOPLIST_FILE = AdaptiveCollectionView/Info.plist;
				LD_RUNPATH_SEARCH_PATHS = (
					"$(inherited)",
					"@executable_path/Frameworks",
				);
				PRODUCT_BUNDLE_IDENTIFIER = com.adnannmuratovic.AdaptiveCollectionView;
				PRODUCT_NAME = "$(TARGET_NAME)";
				SWIFT_VERSION = 5.0;
				TARGETED_DEVICE_FAMILY = "1,2";
			};
			name = Release;
		};
/* End XCBuildConfiguration section */

/* Begin XCConfigurationList section */
		A65A0E9926D3EEBD00E8D3C9 /* Build configuration list for PBXProject "AdaptiveCollectionView" */ = {
			isa = XCConfigurationList;
			buildConfigurations = (
				A65A0EB026D3EEBE00E8D3C9 /* Debug */,
				A65A0EB126D3EEBE00E8D3C9 /* Release */,
			);
			defaultConfigurationIsVisible = 0;
			defaultConfigurationName = Release;
		};
		A65A0EB226D3EEBE00E8D3C9 /* Build configuration list for PBXNativeTarget "AdaptiveCollectionView" */ = {
			isa = XCConfigurationList;
			buildConfigurations = (
				A65A0EB326D3EEBE00E8D3C9 /* Debug */,
				A65A0EB426D3EEBE00E8D3C9 /* Release */,
			);
			defaultConfigurationIsVisible = 0;
			defaultConfigurationName = Release;
		};
/* End XCConfigurationList section */
	};
	rootObject = A65A0E9626D3EEBD00E8D3C9 /* Project object */;
}
